github.com/elastic/go-elasticsearch/v7 v7.5.1-0.20200126095918-3dc5ce76b869 h1:2o1LF/quazVU6jANDKVe5TijWte8ywa/HCE0fZq14o0=
github.com/elastic/go-elasticsearch/v7 v7.5.1-0.20200126095918-3dc5ce76b869/go.mod h1:OJ4wdbtDNk5g503kvlHLyErCgQwwzmDtaFC4XyOxXA4=
github.com/friendsofgo/graphiql v0.2.2 h1:ccnuxpjgIkB+Lr9YB2ZouiZm7wvciSfqwpa9ugWzmn0=
github.com/friendsofgo/graphiql v0.2.2/go.mod h1:8Y2kZ36AoTGWs78+VRpvATyt3LJBx0SZXmay80ZTRWo=
github.com/graphql-go/graphql v0.7.8 h1:769CR/2JNAhLG9+aa8pfLkKdR0H+r5lsQqling5WwpU=
github.com/graphql-go/graphql v0.7.8/go.mod h1:k6yrAYQaSP59DC5UVxbgxESlmVyojThKdORUqGDGmrI=
github.com/graphql-go/handler v0.2.3 h1:CANh8WPnl5M9uA25c2GBhPqJhE53Fg0Iue/fRNla71E=
github.com/graphql-go/handler v0.2.3/go.mod h1:leLF6RpV5uZMN1CdImAxuiayrYYhOk33bZciaUGaXeU=
